// !$*UTF8*$!
{
	archiveVersion = 1;
	classes = {
	};
	objectVersion = 46;
	objects = {

/* Begin PBXBuildFile section */
		7B4E9ECD1A5CCDA000A6383B /* Main.storyboard in Resources */ = {isa = PBXBuildFile; fileRef = 7B4E9ECB1A5CCDA000A6383B /* Main.storyboard */; };
		7B4E9ECF1A5CCDA000A6383B /* Images.xcassets in Resources */ = {isa = PBXBuildFile; fileRef = 7B4E9ECE1A5CCDA000A6383B /* Images.xcassets */; };
		7B4E9ED21A5CCDA000A6383B /* LaunchScreen.xib in Resources */ = {isa = PBXBuildFile; fileRef = 7B4E9ED01A5CCDA000A6383B /* LaunchScreen.xib */; };
		7B4E9EDE1A5CCDA000A6383B /* BlueFeedTests.m in Sources */ = {isa = PBXBuildFile; fileRef = 7B4E9EDD1A5CCDA000A6383B /* BlueFeedTests.m */; };
		7B4E9EE91A5E4EAA00A6383B /* PostCell.m in Sources */ = {isa = PBXBuildFile; fileRef = 7B4E9EE81A5E4EAA00A6383B /* PostCell.m */; };
		7B4E9EFD1A5F22C200A6383B /* AppDelegate.m in Sources */ = {isa = PBXBuildFile; fileRef = 7B4E9EF51A5F22C200A6383B /* AppDelegate.m */; };
		7B4E9EFE1A5F22C200A6383B /* LoginViewController.m in Sources */ = {isa = PBXBuildFile; fileRef = 7B4E9EF81A5F22C200A6383B /* LoginViewController.m */; };
		7B4E9EFF1A5F22C200A6383B /* PostsViewController.m in Sources */ = {isa = PBXBuildFile; fileRef = 7B4E9EFA1A5F22C200A6383B /* PostsViewController.m */; };
		7B4E9F001A5F22C200A6383B /* Post.m in Sources */ = {isa = PBXBuildFile; fileRef = 7B4E9EFC1A5F22C200A6383B /* Post.m */; };
		7B4E9F041A5F23F100A6383B /* Info.plist in Resources */ = {isa = PBXBuildFile; fileRef = 7B4E9F021A5F23F100A6383B /* Info.plist */; };
		7B4E9F051A5F23F100A6383B /* main.m in Sources */ = {isa = PBXBuildFile; fileRef = 7B4E9F031A5F23F100A6383B /* main.m */; };
/* End PBXBuildFile section */

/* Begin PBXContainerItemProxy section */
		7B4E9ED81A5CCDA000A6383B /* PBXContainerItemProxy */ = {
			isa = PBXContainerItemProxy;
			containerPortal = 7B4E9EB61A5CCDA000A6383B /* Project object */;
			proxyType = 1;
			remoteGlobalIDString = 7B4E9EBD1A5CCDA000A6383B;
			remoteInfo = BlueFeed;
		};
/* End PBXContainerItemProxy section */

/* Begin PBXFileReference section */
		7B4E9EBE1A5CCDA000A6383B /* BlueFeed.app */ = {isa = PBXFileReference; explicitFileType = wrapper.application; includeInIndex = 0; path = BlueFeed.app; sourceTree = BUILT_PRODUCTS_DIR; };
		7B4E9ECC1A5CCDA000A6383B /* Base */ = {isa = PBXFileReference; lastKnownFileType = file.storyboard; name = Base; path = Base.lproj/Main.storyboard; sourceTree = "<group>"; };
		7B4E9ECE1A5CCDA000A6383B /* Images.xcassets */ = {isa = PBXFileReference; lastKnownFileType = folder.assetcatalog; path = Images.xcassets; sourceTree = "<group>"; };
		7B4E9ED11A5CCDA000A6383B /* Base */ = {isa = PBXFileReference; lastKnownFileType = file.xib; name = Base; path = Base.lproj/LaunchScreen.xib; sourceTree = "<group>"; };
		7B4E9ED71A5CCDA000A6383B /* BlueFeedTests.xctest */ = {isa = PBXFileReference; explicitFileType = wrapper.cfbundle; includeInIndex = 0; path = BlueFeedTests.xctest; sourceTree = BUILT_PRODUCTS_DIR; };
		7B4E9EDC1A5CCDA000A6383B /* Info.plist */ = {isa = PBXFileReference; lastKnownFileType = text.plist.xml; path = Info.plist; sourceTree = "<group>"; };
		7B4E9EDD1A5CCDA000A6383B /* BlueFeedTests.m */ = {isa = PBXFileReference; lastKnownFileType = sourcecode.c.objc; path = BlueFeedTests.m; sourceTree = "<group>"; };
		7B4E9EE71A5E4EAA00A6383B /* PostCell.h */ = {isa = PBXFileReference; fileEncoding = 4; lastKnownFileType = sourcecode.c.h; path = PostCell.h; sourceTree = "<group>"; };
		7B4E9EE81A5E4EAA00A6383B /* PostCell.m */ = {isa = PBXFileReference; fileEncoding = 4; lastKnownFileType = sourcecode.c.objc; path = PostCell.m; sourceTree = "<group>"; };
		7B4E9EF41A5F22C200A6383B /* AppDelegate.h */ = {isa = PBXFileReference; fileEncoding = 4; lastKnownFileType = sourcecode.c.h; path = AppDelegate.h; sourceTree = "<group>"; };
		7B4E9EF51A5F22C200A6383B /* AppDelegate.m */ = {isa = PBXFileReference; fileEncoding = 4; lastKnownFileType = sourcecode.c.objc; path = AppDelegate.m; sourceTree = "<group>"; };
		7B4E9EF71A5F22C200A6383B /* LoginViewController.h */ = {isa = PBXFileReference; fileEncoding = 4; lastKnownFileType = sourcecode.c.h; path = LoginViewController.h; sourceTree = "<group>"; };
		7B4E9EF81A5F22C200A6383B /* LoginViewController.m */ = {isa = PBXFileReference; fileEncoding = 4; lastKnownFileType = sourcecode.c.objc; path = LoginViewController.m; sourceTree = "<group>"; };
		7B4E9EF91A5F22C200A6383B /* PostsViewController.h */ = {isa = PBXFileReference; fileEncoding = 4; lastKnownFileType = sourcecode.c.h; path = PostsViewController.h; sourceTree = "<group>"; };
		7B4E9EFA1A5F22C200A6383B /* PostsViewController.m */ = {isa = PBXFileReference; fileEncoding = 4; lastKnownFileType = sourcecode.c.objc; path = PostsViewController.m; sourceTree = "<group>"; };
		7B4E9EFC1A5F22C200A6383B /* Post.m */ = {isa = PBXFileReference; fileEncoding = 4; lastKnownFileType = sourcecode.c.objc; path = Post.m; sourceTree = "<group>"; };
		7B4E9F021A5F23F100A6383B /* Info.plist */ = {isa = PBXFileReference; fileEncoding = 4; lastKnownFileType = text.plist.xml; path = Info.plist; sourceTree = "<group>"; };
		7B4E9F031A5F23F100A6383B /* main.m */ = {isa = PBXFileReference; fileEncoding = 4; lastKnownFileType = sourcecode.c.objc; path = main.m; sourceTree = "<group>"; };
/* End PBXFileReference section */

/* Begin PBXFrameworksBuildPhase section */
		7B4E9EBB1A5CCDA000A6383B /* Frameworks */ = {
			isa = PBXFrameworksBuildPhase;
			buildActionMask = 2147483647;
			files = (
			);
			runOnlyForDeploymentPostprocessing = 0;
		};
		7B4E9ED41A5CCDA000A6383B /* Frameworks */ = {
			isa = PBXFrameworksBuildPhase;
			buildActionMask = 2147483647;
			files = (
			);
			runOnlyForDeploymentPostprocessing = 0;
		};
/* End PBXFrameworksBuildPhase section */

/* Begin PBXGroup section */
		7B4E9EB51A5CCDA000A6383B = {
			isa = PBXGroup;
			children = (
				7B4E9EC01A5CCDA000A6383B /* BlueFeed */,
				7B4E9EDA1A5CCDA000A6383B /* BlueFeedTests */,
				7B4E9EBF1A5CCDA000A6383B /* Products */,
			);
			sourceTree = "<group>";
		};
		7B4E9EBF1A5CCDA000A6383B /* Products */ = {
			isa = PBXGroup;
			children = (
				7B4E9EBE1A5CCDA000A6383B /* BlueFeed.app */,
				7B4E9ED71A5CCDA000A6383B /* BlueFeedTests.xctest */,
			);
			name = Products;
			sourceTree = "<group>";
		};
		7B4E9EC01A5CCDA000A6383B /* BlueFeed */ = {
			isa = PBXGroup;
			children = (
				7B4E9EF31A5F22C200A6383B /* AppDelegate */,
				7B4E9EF61A5F22C200A6383B /* Controllers */,
				7B4E9EFB1A5F22C200A6383B /* Models */,
				7B4E9F061A5F241C00A6383B /* Resources */,
				7B4E9F011A5F23F100A6383B /* Supporting Files */,
				7B4E9EE71A5E4EAA00A6383B /* PostCell.h */,
				7B4E9EE81A5E4EAA00A6383B /* PostCell.m */,
			);
			path = BlueFeed;
			sourceTree = "<group>";
		};
		7B4E9EDA1A5CCDA000A6383B /* BlueFeedTests */ = {
			isa = PBXGroup;
			children = (
				7B4E9EDD1A5CCDA000A6383B /* BlueFeedTests.m */,
				7B4E9EDB1A5CCDA000A6383B /* Supporting Files */,
			);
			path = BlueFeedTests;
			sourceTree = "<group>";
		};
		7B4E9EDB1A5CCDA000A6383B /* Supporting Files */ = {
			isa = PBXGroup;
			children = (
				7B4E9EDC1A5CCDA000A6383B /* Info.plist */,
			);
			name = "Supporting Files";
			sourceTree = "<group>";
		};
		7B4E9EF31A5F22C200A6383B /* AppDelegate */ = {
			isa = PBXGroup;
			children = (
				7B4E9EF41A5F22C200A6383B /* AppDelegate.h */,
				7B4E9EF51A5F22C200A6383B /* AppDelegate.m */,
			);
			path = AppDelegate;
			sourceTree = "<group>";
		};
		7B4E9EF61A5F22C200A6383B /* Controllers */ = {
			isa = PBXGroup;
			children = (
				7B4E9EF71A5F22C200A6383B /* LoginViewController.h */,
				7B4E9EF81A5F22C200A6383B /* LoginViewController.m */,
				7B4E9EF91A5F22C200A6383B /* PostsViewController.h */,
				7B4E9EFA1A5F22C200A6383B /* PostsViewController.m */,
			);
			path = Controllers;
			sourceTree = "<group>";
		};
		7B4E9EFB1A5F22C200A6383B /* Models */ = {
			isa = PBXGroup;
			children = (
				7B4E9EFC1A5F22C200A6383B /* Post.m */,
			);
			path = Models;
			sourceTree = "<group>";
		};
		7B4E9F011A5F23F100A6383B /* Supporting Files */ = {
			isa = PBXGroup;
			children = (
				7B4E9F021A5F23F100A6383B /* Info.plist */,
				7B4E9F031A5F23F100A6383B /* main.m */,
			);
			path = "Supporting Files";
			sourceTree = "<group>";
		};
		7B4E9F061A5F241C00A6383B /* Resources */ = {
			isa = PBXGroup;
			children = (
				7B4E9ECB1A5CCDA000A6383B /* Main.storyboard */,
				7B4E9ECE1A5CCDA000A6383B /* Images.xcassets */,
				7B4E9ED01A5CCDA000A6383B /* LaunchScreen.xib */,
			);
			name = Resources;
			sourceTree = "<group>";
		};
/* End PBXGroup section */

/* Begin PBXNativeTarget section */
		7B4E9EBD1A5CCDA000A6383B /* BlueFeed */ = {
			isa = PBXNativeTarget;
			buildConfigurationList = 7B4E9EE11A5CCDA000A6383B /* Build configuration list for PBXNativeTarget "BlueFeed" */;
			buildPhases = (
				7B4E9EBA1A5CCDA000A6383B /* Sources */,
				7B4E9EBB1A5CCDA000A6383B /* Frameworks */,
				7B4E9EBC1A5CCDA000A6383B /* Resources */,
			);
			buildRules = (
			);
			dependencies = (
			);
			name = BlueFeed;
			productName = BlueFeed;
			productReference = 7B4E9EBE1A5CCDA000A6383B /* BlueFeed.app */;
			productType = "com.apple.product-type.application";
		};
		7B4E9ED61A5CCDA000A6383B /* BlueFeedTests */ = {
			isa = PBXNativeTarget;
			buildConfigurationList = 7B4E9EE41A5CCDA000A6383B /* Build configuration list for PBXNativeTarget "BlueFeedTests" */;
			buildPhases = (
				7B4E9ED31A5CCDA000A6383B /* Sources */,
				7B4E9ED41A5CCDA000A6383B /* Frameworks */,
				7B4E9ED51A5CCDA000A6383B /* Resources */,
			);
			buildRules = (
			);
			dependencies = (
				7B4E9ED91A5CCDA000A6383B /* PBXTargetDependency */,
			);
			name = BlueFeedTests;
			productName = BlueFeedTests;
			productReference = 7B4E9ED71A5CCDA000A6383B /* BlueFeedTests.xctest */;
			productType = "com.apple.product-type.bundle.unit-test";
		};
/* End PBXNativeTarget section */

/* Begin PBXProject section */
		7B4E9EB61A5CCDA000A6383B /* Project object */ = {
			isa = PBXProject;
			attributes = {
				LastUpgradeCheck = 0610;
				ORGANIZATIONNAME = "Chris Rittelmeyer";
				TargetAttributes = {
					7B4E9EBD1A5CCDA000A6383B = {
						CreatedOnToolsVersion = 6.1.1;
					};
					7B4E9ED61A5CCDA000A6383B = {
						CreatedOnToolsVersion = 6.1.1;
						TestTargetID = 7B4E9EBD1A5CCDA000A6383B;
					};
				};
			};
			buildConfigurationList = 7B4E9EB91A5CCDA000A6383B /* Build configuration list for PBXProject "BlueFeed" */;
			compatibilityVersion = "Xcode 3.2";
			developmentRegion = English;
			hasScannedForEncodings = 0;
			knownRegions = (
				en,
				Base,
			);
			mainGroup = 7B4E9EB51A5CCDA000A6383B;
			productRefGroup = 7B4E9EBF1A5CCDA000A6383B /* Products */;
			projectDirPath = "";
			projectRoot = "";
			targets = (
				7B4E9EBD1A5CCDA000A6383B /* BlueFeed */,
				7B4E9ED61A5CCDA000A6383B /* BlueFeedTests */,
			);
		};
/* End PBXProject section */

/* Begin PBXResourcesBuildPhase section */
		7B4E9EBC1A5CCDA000A6383B /* Resources */ = {
			isa = PBXResourcesBuildPhase;
			buildActionMask = 2147483647;
			files = (
				7B4E9F041A5F23F100A6383B /* Info.plist in Resources */,
				7B4E9ECD1A5CCDA000A6383B /* Main.storyboard in Resources */,
				7B4E9ED21A5CCDA000A6383B /* LaunchScreen.xib in Resources */,
				7B4E9ECF1A5CCDA000A6383B /* Images.xcassets in Resources */,
			);
			runOnlyForDeploymentPostprocessing = 0;
		};
		7B4E9ED51A5CCDA000A6383B /* Resources */ = {
			isa = PBXResourcesBuildPhase;
			buildActionMask = 2147483647;
			files = (
			);
			runOnlyForDeploymentPostprocessing = 0;
		};
/* End PBXResourcesBuildPhase section */

/* Begin PBXSourcesBuildPhase section */
		7B4E9EBA1A5CCDA000A6383B /* Sources */ = {
			isa = PBXSourcesBuildPhase;
			buildActionMask = 2147483647;
			files = (
				7B4E9EFE1A5F22C200A6383B /* LoginViewController.m in Sources */,
				7B4E9F001A5F22C200A6383B /* Post.m in Sources */,
				7B4E9EFF1A5F22C200A6383B /* PostsViewController.m in Sources */,
				7B4E9EE91A5E4EAA00A6383B /* PostCell.m in Sources */,
				7B4E9F051A5F23F100A6383B /* main.m in Sources */,
				7B4E9EFD1A5F22C200A6383B /* AppDelegate.m in Sources */,
			);
			runOnlyForDeploymentPostprocessing = 0;
		};
		7B4E9ED31A5CCDA000A6383B /* Sources */ = {
			isa = PBXSourcesBuildPhase;
			buildActionMask = 2147483647;
			files = (
				7B4E9EDE1A5CCDA000A6383B /* BlueFeedTests.m in Sources */,
			);
			runOnlyForDeploymentPostprocessing = 0;
		};
/* End PBXSourcesBuildPhase section */

/* Begin PBXTargetDependency section */
		7B4E9ED91A5CCDA000A6383B /* PBXTargetDependency */ = {
			isa = PBXTargetDependency;
			target = 7B4E9EBD1A5CCDA000A6383B /* BlueFeed */;
			targetProxy = 7B4E9ED81A5CCDA000A6383B /* PBXContainerItemProxy */;
		};
/* End PBXTargetDependency section */

/* Begin PBXVariantGroup section */
		7B4E9ECB1A5CCDA000A6383B /* Main.storyboard */ = {
			isa = PBXVariantGroup;
			children = (
				7B4E9ECC1A5CCDA000A6383B /* Base */,
			);
			name = Main.storyboard;
			sourceTree = "<group>";
		};
		7B4E9ED01A5CCDA000A6383B /* LaunchScreen.xib */ = {
			isa = PBXVariantGroup;
			children = (
				7B4E9ED11A5CCDA000A6383B /* Base */,
			);
			name = LaunchScreen.xib;
			sourceTree = "<group>";
		};
/* End PBXVariantGroup section */

/* Begin XCBuildConfiguration section */
		7B4E9EDF1A5CCDA000A6383B /* Debug */ = {
			isa = XCBuildConfiguration;
			buildSettings = {
				ALWAYS_SEARCH_USER_PATHS = NO;
				CLANG_CXX_LANGUAGE_STANDARD = "gnu++0x";
				CLANG_CXX_LIBRARY = "libc++";
				CLANG_ENABLE_MODULES = YES;
				CLANG_ENABLE_OBJC_ARC = YES;
				CLANG_WARN_BOOL_CONVERSION = YES;
				CLANG_WARN_CONSTANT_CONVERSION = YES;
				CLANG_WARN_DIRECT_OBJC_ISA_USAGE = YES_ERROR;
				CLANG_WARN_EMPTY_BODY = YES;
				CLANG_WARN_ENUM_CONVERSION = YES;
				CLANG_WARN_INT_CONVERSION = YES;
				CLANG_WARN_OBJC_ROOT_CLASS = YES_ERROR;
				CLANG_WARN_UNREACHABLE_CODE = YES;
				CLANG_WARN__DUPLICATE_METHOD_MATCH = YES;
				"CODE_SIGN_IDENTITY[sdk=iphoneos*]" = "iPhone Developer";
				COPY_PHASE_STRIP = NO;
				ENABLE_STRICT_OBJC_MSGSEND = YES;
				GCC_C_LANGUAGE_STANDARD = gnu99;
				GCC_DYNAMIC_NO_PIC = NO;
				GCC_OPTIMIZATION_LEVEL = 0;
				GCC_PREPROCESSOR_DEFINITIONS = (
					"DEBUG=1",
					"$(inherited)",
				);
				GCC_SYMBOLS_PRIVATE_EXTERN = NO;
				GCC_WARN_64_TO_32_BIT_CONVERSION = YES;
				GCC_WARN_ABOUT_RETURN_TYPE = YES_ERROR;
				GCC_WARN_UNDECLARED_SELECTOR = YES;
				GCC_WARN_UNINITIALIZED_AUTOS = YES_AGGRESSIVE;
				GCC_WARN_UNUSED_FUNCTION = YES;
				GCC_WARN_UNUSED_VARIABLE = YES;
				IPHONEOS_DEPLOYMENT_TARGET = 8.1;
				MTL_ENABLE_DEBUG_INFO = YES;
				ONLY_ACTIVE_ARCH = YES;
				SDKROOT = iphoneos;
				TARGETED_DEVICE_FAMILY = "1,2";
			};
			name = Debug;
		};
		7B4E9EE01A5CCDA000A6383B /* Release */ = {
			isa = XCBuildConfiguration;
			buildSettings = {
				ALWAYS_SEARCH_USER_PATHS = NO;
				CLANG_CXX_LANGUAGE_STANDARD = "gnu++0x";
				CLANG_CXX_LIBRARY = "libc++";
				CLANG_ENABLE_MODULES = YES;
				CLANG_ENABLE_OBJC_ARC = YES;
				CLANG_WARN_BOOL_CONVERSION = YES;
				CLANG_WARN_CONSTANT_CONVERSION = YES;
				CLANG_WARN_DIRECT_OBJC_ISA_USAGE = YES_ERROR;
				CLANG_WARN_EMPTY_BODY = YES;
				CLANG_WARN_ENUM_CONVERSION = YES;
				CLANG_WARN_INT_CONVERSION = YES;
				CLANG_WARN_OBJC_ROOT_CLASS = YES_ERROR;
				CLANG_WARN_UNREACHABLE_CODE = YES;
				CLANG_WARN__DUPLICATE_METHOD_MATCH = YES;
				"CODE_SIGN_IDENTITY[sdk=iphoneos*]" = "iPhone Developer";
				COPY_PHASE_STRIP = YES;
				ENABLE_NS_ASSERTIONS = NO;
				ENABLE_STRICT_OBJC_MSGSEND = YES;
				GCC_C_LANGUAGE_STANDARD = gnu99;
				GCC_WARN_64_TO_32_BIT_CONVERSION = YES;
				GCC_WARN_ABOUT_RETURN_TYPE = YES_ERROR;
				GCC_WARN_UNDECLARED_SELECTOR = YES;
				GCC_WARN_UNINITIALIZED_AUTOS = YES_AGGRESSIVE;
				GCC_WARN_UNUSED_FUNCTION = YES;
				GCC_WARN_UNUSED_VARIABLE = YES;
				IPHONEOS_DEPLOYMENT_TARGET = 8.1;
				MTL_ENABLE_DEBUG_INFO = NO;
				SDKROOT = iphoneos;
				TARGETED_DEVICE_FAMILY = "1,2";
				VALIDATE_PRODUCT = YES;
			};
			name = Release;
		};
		7B4E9EE21A5CCDA000A6383B /* Debug */ = {
			isa = XCBuildConfiguration;
			buildSettings = {
				ASSETCATALOG_COMPILER_APPICON_NAME = AppIcon;
				INFOPLIST_FILE = BlueFeed/Info.plist;
				LD_RUNPATH_SEARCH_PATHS = "$(inherited) @executable_path/Frameworks";
				PRODUCT_NAME = "$(TARGET_NAME)";
				TARGETED_DEVICE_FAMILY = 1;
			};
			name = Debug;
		};
		7B4E9EE31A5CCDA000A6383B /* Release */ = {
			isa = XCBuildConfiguration;
			buildSettings = {
				ASSETCATALOG_COMPILER_APPICON_NAME = AppIcon;
				INFOPLIST_FILE = BlueFeed/Info.plist;
				LD_RUNPATH_SEARCH_PATHS = "$(inherited) @executable_path/Frameworks";
				PRODUCT_NAME = "$(TARGET_NAME)";
				TARGETED_DEVICE_FAMILY = 1;
			};
			name = Release;
		};
		7B4E9EE51A5CCDA000A6383B /* Debug */ = {
			isa = XCBuildConfiguration;
			buildSettings = {
				BUNDLE_LOADER = "$(TEST_HOST)";
				FRAMEWORK_SEARCH_PATHS = (
					"$(SDKROOT)/Developer/Library/Frameworks",
					"$(inherited)",
				);
				GCC_PREPROCESSOR_DEFINITIONS = (
					"DEBUG=1",
					"$(inherited)",
				);
				INFOPLIST_FILE = BlueFeedTests/Info.plist;
				LD_RUNPATH_SEARCH_PATHS = "$(inherited) @executable_path/Frameworks @loader_path/Frameworks";
				PRODUCT_NAME = "$(TARGET_NAME)";
				TEST_HOST = "$(BUILT_PRODUCTS_DIR)/BlueFeed.app/BlueFeed";
			};
			name = Debug;
		};
		7B4E9EE61A5CCDA000A6383B /* Release */ = {
			isa = XCBuildConfiguration;
			buildSettings = {
				BUNDLE_LOADER = "$(TEST_HOST)";
				FRAMEWORK_SEARCH_PATHS = (
					"$(SDKROOT)/Developer/Library/Frameworks",
					"$(inherited)",
				);
				INFOPLIST_FILE = BlueFeedTests/Info.plist;
				LD_RUNPATH_SEARCH_PATHS = "$(inherited) @executable_path/Frameworks @loader_path/Frameworks";
				PRODUCT_NAME = "$(TARGET_NAME)";
				TEST_HOST = "$(BUILT_PRODUCTS_DIR)/BlueFeed.app/BlueFeed";
			};
			name = Release;
		};
/* End XCBuildConfiguration section */

/* Begin XCConfigurationList section */
		7B4E9EB91A5CCDA000A6383B /* Build configuration list for PBXProject "BlueFeed" */ = {
			isa = XCConfigurationList;
			buildConfigurations = (
				7B4E9EDF1A5CCDA000A6383B /* Debug */,
				7B4E9EE01A5CCDA000A6383B /* Release */,
			);
			defaultConfigurationIsVisible = 0;
			defaultConfigurationName = Release;
		};
		7B4E9EE11A5CCDA000A6383B /* Build configuration list for PBXNativeTarget "BlueFeed" */ = {
			isa = XCConfigurationList;
			buildConfigurations = (
				7B4E9EE21A5CCDA000A6383B /* Debug */,
				7B4E9EE31A5CCDA000A6383B /* Release */,
			);
			defaultConfigurationIsVisible = 0;
			defaultConfigurationName = Release;
		};
		7B4E9EE41A5CCDA000A6383B /* Build configuration list for PBXNativeTarget "BlueFeedTests" */ = {
			isa = XCConfigurationList;
			buildConfigurations = (
				7B4E9EE51A5CCDA000A6383B /* Debug */,
				7B4E9EE61A5CCDA000A6383B /* Release */,
			);
			defaultConfigurationIsVisible = 0;
			defaultConfigurationName = Release;
		};
/* End XCConfigurationList section */
	};
	rootObject = 7B4E9EB61A5CCDA000A6383B /* Project object */;
}
